// !$*UTF8*$!
{
	archiveVersion = 1;
	classes = {
	};
	objectVersion = 56;
	objects = {

/* Begin PBXBuildFile section */
		A10001 /* SwiftTimeLineApp.swift in Sources */ = {isa = PBXBuildFile; fileRef = B10001; };
		A10002 /* TimelineModels.swift in Sources */ = {isa = PBXBuildFile; fileRef = B10002; };
		A10003 /* DataStore.swift in Sources */ = {isa = PBXBuildFile; fileRef = B10003; };
		A10004 /* ContentView.swift in Sources */ = {isa = PBXBuildFile; fileRef = B10004; };
		A10005 /* SidebarView.swift in Sources */ = {isa = PBXBuildFile; fileRef = B10005; };
		A10006 /* HorizontalTimelineView.swift in Sources */ = {isa = PBXBuildFile; fileRef = B10006; };
		A10007 /* VerticalTimelineView.swift in Sources */ = {isa = PBXBuildFile; fileRef = B10007; };
		A10008 /* EventEditorView.swift in Sources */ = {isa = PBXBuildFile; fileRef = B10008; };
		A10009 /* TagManagerView.swift in Sources */ = {isa = PBXBuildFile; fileRef = B10009; };
		A1000A /* GroupEditorView.swift in Sources */ = {isa = PBXBuildFile; fileRef = B1000A; };
		A1000B /* ColorUtils.swift in Sources */ = {isa = PBXBuildFile; fileRef = B1000B; };
		A1000C /* EditorMode.swift in Sources */ = {isa = PBXBuildFile; fileRef = B1000C; };
		A1000D /* DateFormat.swift in Sources */ = {isa = PBXBuildFile; fileRef = B1000D; };
		A1000E /* FilePanels.swift in Sources */ = {isa = PBXBuildFile; fileRef = B1000E; };
		A1000F /* TagChip.swift in Sources */ = {isa = PBXBuildFile; fileRef = B1000F; };
		A1010 /* AppSettings.swift in Sources */ = {isa = PBXBuildFile; fileRef = B1010; };
		A1011 /* Localization.swift in Sources */ = {isa = PBXBuildFile; fileRef = B1011; };
		A1012 /* SettingsView.swift in Sources */ = {isa = PBXBuildFile; fileRef = B1012; };
		A1013 /* AppEnvironmentRoot.swift in Sources */ = {isa = PBXBuildFile; fileRef = B1013; };
/* End PBXBuildFile section */

/* Begin PBXFileReference section */
		B10001 /* SwiftTimeLineApp.swift */ = {isa = PBXFileReference; lastKnownFileType = sourcecode.swift; path = SwiftTimeLineApp.swift; sourceTree = "<group>"; };
		B10002 /* TimelineModels.swift */ = {isa = PBXFileReference; lastKnownFileType = sourcecode.swift; path = TimelineModels.swift; sourceTree = "<group>"; };
		B10003 /* DataStore.swift */ = {isa = PBXFileReference; lastKnownFileType = sourcecode.swift; path = DataStore.swift; sourceTree = "<group>"; };
		B10004 /* ContentView.swift */ = {isa = PBXFileReference; lastKnownFileType = sourcecode.swift; path = ContentView.swift; sourceTree = "<group>"; };
		B10005 /* SidebarView.swift */ = {isa = PBXFileReference; lastKnownFileType = sourcecode.swift; path = SidebarView.swift; sourceTree = "<group>"; };
		B10006 /* HorizontalTimelineView.swift */ = {isa = PBXFileReference; lastKnownFileType = sourcecode.swift; path = HorizontalTimelineView.swift; sourceTree = "<group>"; };
		B10007 /* VerticalTimelineView.swift */ = {isa = PBXFileReference; lastKnownFileType = sourcecode.swift; path = VerticalTimelineView.swift; sourceTree = "<group>"; };
		B10008 /* EventEditorView.swift */ = {isa = PBXFileReference; lastKnownFileType = sourcecode.swift; path = EventEditorView.swift; sourceTree = "<group>"; };
		B10009 /* TagManagerView.swift */ = {isa = PBXFileReference; lastKnownFileType = sourcecode.swift; path = TagManagerView.swift; sourceTree = "<group>"; };
		B1000A /* GroupEditorView.swift */ = {isa = PBXFileReference; lastKnownFileType = sourcecode.swift; path = GroupEditorView.swift; sourceTree = "<group>"; };
		B1000B /* ColorUtils.swift */ = {isa = PBXFileReference; lastKnownFileType = sourcecode.swift; path = ColorUtils.swift; sourceTree = "<group>"; };
		B1000C /* EditorMode.swift */ = {isa = PBXFileReference; lastKnownFileType = sourcecode.swift; path = EditorMode.swift; sourceTree = "<group>"; };
		B1000D /* DateFormat.swift */ = {isa = PBXFileReference; lastKnownFileType = sourcecode.swift; path = DateFormat.swift; sourceTree = "<group>"; };
		B1000E /* FilePanels.swift */ = {isa = PBXFileReference; lastKnownFileType = sourcecode.swift; path = FilePanels.swift; sourceTree = "<group>"; };
		B1000F /* TagChip.swift */ = {isa = PBXFileReference; lastKnownFileType = sourcecode.swift; path = TagChip.swift; sourceTree = "<group>"; };
		B1010 /* AppSettings.swift */ = {isa = PBXFileReference; lastKnownFileType = sourcecode.swift; path = AppSettings.swift; sourceTree = "<group>"; };
		B1011 /* Localization.swift */ = {isa = PBXFileReference; lastKnownFileType = sourcecode.swift; path = Localization.swift; sourceTree = "<group>"; };
		B1012 /* SettingsView.swift */ = {isa = PBXFileReference; lastKnownFileType = sourcecode.swift; path = SettingsView.swift; sourceTree = "<group>"; };
		B1013 /* AppEnvironmentRoot.swift */ = {isa = PBXFileReference; lastKnownFileType = sourcecode.swift; path = AppEnvironmentRoot.swift; sourceTree = "<group>"; };
		C10001 /* SwiftTimeLine.app */ = {isa = PBXFileReference; explicitFileType = wrapper.application; includeInIndex = 0; path = SwiftTimeLine.app; sourceTree = BUILT_PRODUCTS_DIR; };
/* End PBXFileReference section */

/* Begin PBXFrameworksBuildPhase section */
		D10001 /* Frameworks */ = {
			isa = PBXFrameworksBuildPhase;
			buildActionMask = 2147483647;
			files = (
			);
			runOnlyForDeploymentPostprocessing = 0;
		};
/* End PBXFrameworksBuildPhase section */

/* Begin PBXGroup section */
		E10001 = {
			isa = PBXGroup;
			children = (
				E10002 /* SwiftTimeLine */,
				E10005 /* Products */,
			);
			sourceTree = "<group>";
		};
		E10002 /* SwiftTimeLine */ = {
			isa = PBXGroup;
			children = (
				B10001 /* SwiftTimeLineApp.swift */,
				E10003 /* Models */,
				E10004 /* Views */,
				E10006 /* Utils */,
			);
			path = SwiftTimeLine;
			sourceTree = "<group>";
		};
		E10003 /* Models */ = {
			isa = PBXGroup;
			children = (
				B10002 /* TimelineModels.swift */,
				B10003 /* DataStore.swift */,
				B1000C /* EditorMode.swift */,
				B1010 /* AppSettings.swift */,
			);
			path = Models;
			sourceTree = "<group>";
		};
		E10004 /* Views */ = {
			isa = PBXGroup;
			children = (
				B10004 /* ContentView.swift */,
				B10005 /* SidebarView.swift */,
				B10006 /* HorizontalTimelineView.swift */,
				B10007 /* VerticalTimelineView.swift */,
				B10008 /* EventEditorView.swift */,
				B10009 /* TagManagerView.swift */,
				B1000A /* GroupEditorView.swift */,
				B1000F /* TagChip.swift */,
				B1012 /* SettingsView.swift */,
				B1013 /* AppEnvironmentRoot.swift */,
			);
			path = Views;
			sourceTree = "<group>";
		};
		E10005 /* Products */ = {
			isa = PBXGroup;
			children = (
				C10001 /* SwiftTimeLine.app */,
			);
			name = Products;
			sourceTree = "<group>";
		};
		E10006 /* Utils */ = {
			isa = PBXGroup;
			children = (
				B1000B /* ColorUtils.swift */,
				B1000D /* DateFormat.swift */,
				B1000E /* FilePanels.swift */,
				B1011 /* Localization.swift */,
			);
			path = Utils;
			sourceTree = "<group>";
		};
/* End PBXGroup section */

/* Begin PBXNativeTarget section */
		F10001 /* SwiftTimeLine */ = {
			isa = PBXNativeTarget;
			buildConfigurationList = G10003;
			buildPhases = (
				F10002 /* Sources */,
				D10001 /* Frameworks */,
				F10003 /* Resources */,
			);
			buildRules = (
			);
			dependencies = (
			);
			name = SwiftTimeLine;
			productName = SwiftTimeLine;
			productReference = C10001 /* SwiftTimeLine.app */;
			productType = "com.apple.product-type.application";
		};
/* End PBXNativeTarget section */

/* Begin PBXProject section */
		H10001 /* Project object */ = {
			isa = PBXProject;
			attributes = {
				BuildIndependentTargetsInParallel = 1;
				LastSwiftUpdateCheck = 1500;
				LastUpgradeCheck = 1500;
			};
			buildConfigurationList = G10001;
			compatibilityVersion = "Xcode 14.0";
			developmentRegion = "zh-Hans";
			hasScannedForEncodings = 0;
			knownRegions = (
				"zh-Hans",
				Base,
			);
			mainGroup = E10001;
			productRefGroup = E10005 /* Products */;
			projectDirPath = "";
			projectRoot = "";
			targets = (
				F10001 /* SwiftTimeLine */,
			);
		};
/* End PBXProject section */

/* Begin PBXResourcesBuildPhase section */
		F10003 /* Resources */ = {
			isa = PBXResourcesBuildPhase;
			buildActionMask = 2147483647;
			files = (
			);
			runOnlyForDeploymentPostprocessing = 0;
		};
/* End PBXResourcesBuildPhase section */

/* Begin PBXSourcesBuildPhase section */
		F10002 /* Sources */ = {
			isa = PBXSourcesBuildPhase;
			buildActionMask = 2147483647;
			files = (
				A10001 /* SwiftTimeLineApp.swift in Sources */,
				A10002 /* TimelineModels.swift in Sources */,
				A10003 /* DataStore.swift in Sources */,
				A10004 /* ContentView.swift in Sources */,
				A10005 /* SidebarView.swift in Sources */,
				A10006 /* HorizontalTimelineView.swift in Sources */,
				A10007 /* VerticalTimelineView.swift in Sources */,
				A10008 /* EventEditorView.swift in Sources */,
				A10009 /* TagManagerView.swift in Sources */,
				A1000A /* GroupEditorView.swift in Sources */,
				A1000B /* ColorUtils.swift in Sources */,
				A1000C /* EditorMode.swift in Sources */,
				A1000D /* DateFormat.swift in Sources */,
				A1000E /* FilePanels.swift in Sources */,
				A1000F /* TagChip.swift in Sources */,
				A1010 /* AppSettings.swift in Sources */,
				A1011 /* Localization.swift in Sources */,
				A1012 /* SettingsView.swift in Sources */,
				A1013 /* AppEnvironmentRoot.swift in Sources */,
			);
			runOnlyForDeploymentPostprocessing = 0;
		};
/* End PBXSourcesBuildPhase section */

/* Begin XCBuildConfiguration section */
		G10002 /* Debug */ = {
			isa = XCBuildConfiguration;
			buildSettings = {
				ALWAYS_SEARCH_USER_PATHS = NO;
				CLANG_ANALYZER_NONNULL = YES;
				CLANG_CXX_LANGUAGE_STANDARD = "gnu++20";
				CLANG_ENABLE_MODULES = YES;
				CLANG_ENABLE_OBJC_ARC = YES;
				COPY_PHASE_STRIP = NO;
				DEBUG_INFORMATION_FORMAT = dwarf;
				ENABLE_STRICT_OBJC_MSGSEND = YES;
				ENABLE_TESTABILITY = YES;
				GCC_DYNAMIC_NO_PIC = NO;
				GCC_OPTIMIZATION_LEVEL = 0;
				GCC_PREPROCESSOR_DEFINITIONS = (
					"DEBUG=1",
					"$(inherited)",
				);
				MACOSX_DEPLOYMENT_TARGET = 15.0;
				MTL_ENABLE_DEBUG_INFO = INCLUDE_SOURCE;
				ONLY_ACTIVE_ARCH = YES;
				SDKROOT = macosx;
				SWIFT_ACTIVE_COMPILATION_CONDITIONS = DEBUG;
				SWIFT_OPTIMIZATION_LEVEL = "-Onone";
			};
			name = Debug;
		};
		G10004 /* Release */ = {
			isa = XCBuildConfiguration;
			buildSettings = {
				ALWAYS_SEARCH_USER_PATHS = NO;
				CLANG_ANALYZER_NONNULL = YES;
				CLANG_CXX_LANGUAGE_STANDARD = "gnu++20";
				CLANG_ENABLE_MODULES = YES;
				CLANG_ENABLE_OBJC_ARC = YES;
				COPY_PHASE_STRIP = NO;
				DEBUG_INFORMATION_FORMAT = "dwarf-with-dsym";
				ENABLE_NS_ASSERTIONS = NO;
				ENABLE_STRICT_OBJC_MSGSEND = YES;
				MACOSX_DEPLOYMENT_TARGET = 15.0;
				MTL_ENABLE_DEBUG_INFO = NO;
				SDKROOT = macosx;
				SWIFT_COMPILATION_MODE = wholemodule;
				SWIFT_OPTIMIZATION_LEVEL = "-O";
			};
			name = Release;
		};
		G10005 /* Debug */ = {
			isa = XCBuildConfiguration;
			buildSettings = {
				ASSETCATALOG_COMPILER_APPICON_NAME = AppIcon;
				CODE_SIGN_ENTITLEMENTS = "";
				"CODE_SIGN_IDENTITY[sdk=macosx*]" = "-";
				CODE_SIGN_STYLE = Automatic;
				COMBINE_HIDPI_IMAGES = YES;
				GENERATE_INFOPLIST_FILE = YES;
				INFOPLIST_KEY_NSHumanReadableCopyright = "";
				INFOPLIST_KEY_NSMainStoryboardFile = "";
				INFOPLIST_KEY_NSPrincipalClass = NSApplication;
				LD_RUNPATH_SEARCH_PATHS = (
					"$(inherited)",
					"@executable_path/../Frameworks",
				);
				MACOSX_DEPLOYMENT_TARGET = 15.0;
				PRODUCT_BUNDLE_IDENTIFIER = com.example.SwiftTimeLine;
				PRODUCT_NAME = "$(TARGET_NAME)";
				SWIFT_EMIT_LOC_STRINGS = YES;
				SWIFT_VERSION = 6.0;
			};
			name = Debug;
		};
		G10006 /* Release */ = {
			isa = XCBuildConfiguration;
			buildSettings = {
				ASSETCATALOG_COMPILER_APPICON_NAME = AppIcon;
				CODE_SIGN_ENTITLEMENTS = "";
				"CODE_SIGN_IDENTITY[sdk=macosx*]" = "-";
				CODE_SIGN_STYLE = Automatic;
				COMBINE_HIDPI_IMAGES = YES;
				GENERATE_INFOPLIST_FILE = YES;
				INFOPLIST_KEY_NSHumanReadableCopyright = "";
				INFOPLIST_KEY_NSMainStoryboardFile = "";
				INFOPLIST_KEY_NSPrincipalClass = NSApplication;
				LD_RUNPATH_SEARCH_PATHS = (
					"$(inherited)",
					"@executable_path/../Frameworks",
				);
				MACOSX_DEPLOYMENT_TARGET = 15.0;
				PRODUCT_BUNDLE_IDENTIFIER = com.example.SwiftTimeLine;
				PRODUCT_NAME = "$(TARGET_NAME)";
				SWIFT_EMIT_LOC_STRINGS = YES;
				SWIFT_VERSION = 6.0;
			};
			name = Release;
		};
/* End XCBuildConfiguration section */

/* Begin XCConfigurationList section */
		G10001 /* Build configuration list for PBXProject "SwiftTimeLine" */ = {
			isa = XCConfigurationList;
			buildConfigurations = (
				G10002 /* Debug */,
				G10004 /* Release */,
			);
			defaultConfigurationIsVisible = 0;
			defaultConfigurationName = Release;
		};
		G10003 /* Build configuration list for PBXNativeTarget "SwiftTimeLine" */ = {
			isa = XCConfigurationList;
			buildConfigurations = (
				G10005 /* Debug */,
				G10006 /* Release */,
			);
			defaultConfigurationIsVisible = 0;
			defaultConfigurationName = Release;
		};
/* End XCConfigurationList section */
	};
	rootObject = H10001 /* Project object */;
}
